
Microsoft Visual Studio Solution File, Format Version 12.00
# Visual Studio 15
Project("{FAE04EC0-301F-11D3-BF4B-00C04F79EFBC}") = "Assembly-CSharp", "Assembly-CSharp.csproj", "{CAE1FD19-48BE-0DBA-AD95-7DEA283DA7F2}"
EndProject
Project("{FAE04EC0-301F-11D3-BF4B-00C04F79EFBC}") = "Assembly-CSharp-Editor", "Assembly-CSharp-Editor.csproj", "{5D47E699-02DA-4BBA-9942-5A414A67A58D}"
EndProject
Global
	GlobalSection(SolutionConfigurationPlatforms) = preSolution
		Debug|Any CPU = Debug|Any CPU
		Release|Any CPU = Release|Any CPU
	EndGlobalSection
	GlobalSection(ProjectConfigurationPlatforms) = postSolution
		{CAE1FD19-48BE-0DBA-AD95-7DEA283DA7F2}.Debug|Any CPU.ActiveCfg = Debug|Any CPU
		{CAE1FD19-48BE-0DBA-AD95-7DEA283DA7F2}.Debug|Any CPU.Build.0 = Debug|Any CPU
		{CAE1FD19-48BE-0DBA-AD95-7DEA283DA7F2}.Release|Any CPU.ActiveCfg = Release|Any CPU
		{CAE1FD19-48BE-0DBA-AD95-7DEA283DA7F2}.Release|Any CPU.Build.0 = Release|Any CPU
		{5D47E699-02DA-4BBA-9942-5A414A67A58D}.Debug|Any CPU.ActiveCfg = Debug|Any CPU
		{5D47E699-02DA-4BBA-9942-5A414A67A58D}.Debug|Any CPU.Build.0 = Debug|Any CPU
		{5D47E699-02DA-4BBA-9942-5A414A67A58D}.Release|Any CPU.ActiveCfg = Release|Any CPU
		{5D47E699-02DA-4BBA-9942-5A414A67A58D}.Release|Any CPU.Build.0 = Release|Any CPU
	EndGlobalSection
	GlobalSection(SolutionProperties) = preSolution
		HideSolutionNode = FALSE
	EndGlobalSection
EndGlobal
